// !$*UTF8*$!
{
	archiveVersion = 1;
	classes = {
	};
	objectVersion = 46;
	objects = {

/* Begin PBXBuildFile section */
		F10BE23C1E1A8B06004E5846 /* AppDelegate.swift in Sources */ = {isa = PBXBuildFile; fileRef = F10BE23B1E1A8B06004E5846 /* AppDelegate.swift */; };
		F10BE23E1E1A8B06004E5846 /* TableController.swift in Sources */ = {isa = PBXBuildFile; fileRef = F10BE23D1E1A8B06004E5846 /* TableController.swift */; };
		F10BE2411E1A8B06004E5846 /* Main.storyboard in Resources */ = {isa = PBXBuildFile; fileRef = F10BE23F1E1A8B06004E5846 /* Main.storyboard */; };
		F10BE2431E1A8B06004E5846 /* Assets.xcassets in Resources */ = {isa = PBXBuildFile; fileRef = F10BE2421E1A8B06004E5846 /* Assets.xcassets */; };
		F10BE2461E1A8B06004E5846 /* LaunchScreen.storyboard in Resources */ = {isa = PBXBuildFile; fileRef = F10BE2441E1A8B06004E5846 /* LaunchScreen.storyboard */; };
		F10BE25A1E1AB1B6004E5846 /* CellViewController.swift in Sources */ = {isa = PBXBuildFile; fileRef = F10BE2591E1AB1B6004E5846 /* CellViewController.swift */; };
		F15E00DC1E1BD4DF00391F65 /* InsideCellViewController.swift in Sources */ = {isa = PBXBuildFile; fileRef = F15E00DB1E1BD4DF00391F65 /* InsideCellViewController.swift */; };
		F1D22F121E1D142B0030DEDF /* FavoriteFontViewController.swift in Sources */ = {isa = PBXBuildFile; fileRef = F1D22F111E1D142B0030DEDF /* FavoriteFontViewController.swift */; };
/* End PBXBuildFile section */

/* Begin PBXFileReference section */
		F10BE2381E1A8B06004E5846 /* TestTableView.app */ = {isa = PBXFileReference; explicitFileType = wrapper.application; includeInIndex = 0; path = TestTableView.app; sourceTree = BUILT_PRODUCTS_DIR; };
		F10BE23B1E1A8B06004E5846 /* AppDelegate.swift */ = {isa = PBXFileReference; lastKnownFileType = sourcecode.swift; path = AppDelegate.swift; sourceTree = "<group>"; };
		F10BE23D1E1A8B06004E5846 /* TableController.swift */ = {isa = PBXFileReference; lastKnownFileType = sourcecode.swift; path = TableController.swift; sourceTree = "<group>"; };
		F10BE2401E1A8B06004E5846 /* Base */ = {isa = PBXFileReference; lastKnownFileType = file.storyboard; name = Base; path = Base.lproj/Main.storyboard; sourceTree = "<group>"; };
		F10BE2421E1A8B06004E5846 /* Assets.xcassets */ = {isa = PBXFileReference; lastKnownFileType = folder.assetcatalog; path = Assets.xcassets; sourceTree = "<group>"; };
		F10BE2451E1A8B06004E5846 /* Base */ = {isa = PBXFileReference; lastKnownFileType = file.storyboard; name = Base; path = Base.lproj/LaunchScreen.storyboard; sourceTree = "<group>"; };
		F10BE2471E1A8B06004E5846 /* Info.plist */ = {isa = PBXFileReference; lastKnownFileType = text.plist.xml; path = Info.plist; sourceTree = "<group>"; };
		F10BE2591E1AB1B6004E5846 /* CellViewController.swift */ = {isa = PBXFileReference; fileEncoding = 4; lastKnownFileType = sourcecode.swift; path = CellViewController.swift; sourceTree = "<group>"; };
		F15E00DB1E1BD4DF00391F65 /* InsideCellViewController.swift */ = {isa = PBXFileReference; fileEncoding = 4; lastKnownFileType = sourcecode.swift; path = InsideCellViewController.swift; sourceTree = "<group>"; };
		F1D22F111E1D142B0030DEDF /* FavoriteFontViewController.swift */ = {isa = PBXFileReference; fileEncoding = 4; lastKnownFileType = sourcecode.swift; path = FavoriteFontViewController.swift; sourceTree = "<group>"; };
/* End PBXFileReference section */

/* Begin PBXFrameworksBuildPhase section */
		F10BE2351E1A8B06004E5846 /* Frameworks */ = {
			isa = PBXFrameworksBuildPhase;
			buildActionMask = 2147483647;
			files = (
			);
			runOnlyForDeploymentPostprocessing = 0;
		};
/* End PBXFrameworksBuildPhase section */

/* Begin PBXGroup section */
		F10BE22F1E1A8B06004E5846 = {
			isa = PBXGroup;
			children = (
				F10BE23A1E1A8B06004E5846 /* TestTableView */,
				F10BE2391E1A8B06004E5846 /* Products */,
			);
			sourceTree = "<group>";
		};
		F10BE2391E1A8B06004E5846 /* Products */ = {
			isa = PBXGroup;
			children = (
				F10BE2381E1A8B06004E5846 /* TestTableView.app */,
			);
			name = Products;
			sourceTree = "<group>";
		};
		F10BE23A1E1A8B06004E5846 /* TestTableView */ = {
			isa = PBXGroup;
			children = (
				F10BE23B1E1A8B06004E5846 /* AppDelegate.swift */,
				F10BE23D1E1A8B06004E5846 /* TableController.swift */,
				F10BE23F1E1A8B06004E5846 /* Main.storyboard */,
				F10BE2421E1A8B06004E5846 /* Assets.xcassets */,
				F10BE2441E1A8B06004E5846 /* LaunchScreen.storyboard */,
				F10BE2471E1A8B06004E5846 /* Info.plist */,
				F10BE2591E1AB1B6004E5846 /* CellViewController.swift */,
				F15E00DB1E1BD4DF00391F65 /* InsideCellViewController.swift */,
				F1D22F111E1D142B0030DEDF /* FavoriteFontViewController.swift */,
			);
			path = TestTableView;
			sourceTree = "<group>";
		};
/* End PBXGroup section */

/* Begin PBXNativeTarget section */
		F10BE2371E1A8B06004E5846 /* TestTableView */ = {
			isa = PBXNativeTarget;
			buildConfigurationList = F10BE24A1E1A8B06004E5846 /* Build configuration list for PBXNativeTarget "TestTableView" */;
			buildPhases = (
				F10BE2341E1A8B06004E5846 /* Sources */,
				F10BE2351E1A8B06004E5846 /* Frameworks */,
				F10BE2361E1A8B06004E5846 /* Resources */,
			);
			buildRules = (
			);
			dependencies = (
			);
			name = TestTableView;
			productName = TestTableView;
			productReference = F10BE2381E1A8B06004E5846 /* TestTableView.app */;
			productType = "com.apple.product-type.application";
		};
/* End PBXNativeTarget section */

/* Begin PBXProject section */
		F10BE2301E1A8B06004E5846 /* Project object */ = {
			isa = PBXProject;
			attributes = {
				LastSwiftUpdateCheck = 0810;
				LastUpgradeCheck = 0810;
				ORGANIZATIONNAME = LuanNX;
				TargetAttributes = {
					F10BE2371E1A8B06004E5846 = {
						CreatedOnToolsVersion = 8.1;
						ProvisioningStyle = Automatic;
					};
				};
			};
			buildConfigurationList = F10BE2331E1A8B06004E5846 /* Build configuration list for PBXProject "TestTableView" */;
			compatibilityVersion = "Xcode 3.2";
			developmentRegion = English;
			hasScannedForEncodings = 0;
			knownRegions = (
				en,
				Base,
			);
			mainGroup = F10BE22F1E1A8B06004E5846;
			productRefGroup = F10BE2391E1A8B06004E5846 /* Products */;
			projectDirPath = "";
			projectRoot = "";
			targets = (
				F10BE2371E1A8B06004E5846 /* TestTableView */,
			);
		};
/* End PBXProject section */

/* Begin PBXResourcesBuildPhase section */
		F10BE2361E1A8B06004E5846 /* Resources */ = {
			isa = PBXResourcesBuildPhase;
			buildActionMask = 2147483647;
			files = (
				F10BE2461E1A8B06004E5846 /* LaunchScreen.storyboard in Resources */,
				F10BE2431E1A8B06004E5846 /* Assets.xcassets in Resources */,
				F10BE2411E1A8B06004E5846 /* Main.storyboard in Resources */,
			);
			runOnlyForDeploymentPostprocessing = 0;
		};
/* End PBXResourcesBuildPhase section */

/* Begin PBXSourcesBuildPhase section */
		F10BE2341E1A8B06004E5846 /* Sources */ = {
			isa = PBXSourcesBuildPhase;
			buildActionMask = 2147483647;
			files = (
				F1D22F121E1D142B0030DEDF /* FavoriteFontViewController.swift in Sources */,
				F15E00DC1E1BD4DF00391F65 /* InsideCellViewController.swift in Sources */,
				F10BE25A1E1AB1B6004E5846 /* CellViewController.swift in Sources */,
				F10BE23E1E1A8B06004E5846 /* TableController.swift in Sources */,
				F10BE23C1E1A8B06004E5846 /* AppDelegate.swift in Sources */,
			);
			runOnlyForDeploymentPostprocessing = 0;
		};
/* End PBXSourcesBuildPhase section */

/* Begin PBXVariantGroup section */
		F10BE23F1E1A8B06004E5846 /* Main.storyboard */ = {
			isa = PBXVariantGroup;
			children = (
				F10BE2401E1A8B06004E5846 /* Base */,
			);
			name = Main.storyboard;
			sourceTree = "<group>";
		};
		F10BE2441E1A8B06004E5846 /* LaunchScreen.storyboard */ = {
			isa = PBXVariantGroup;
			children = (
				F10BE2451E1A8B06004E5846 /* Base */,
			);
			name = LaunchScreen.storyboard;
			sourceTree = "<group>";
		};
/* End PBXVariantGroup section */

/* Begin XCBuildConfiguration section */
		F10BE2481E1A8B06004E5846 /* Debug */ = {
			isa = XCBuildConfiguration;
			buildSettings = {
				ALWAYS_SEARCH_USER_PATHS = NO;
				CLANG_ANALYZER_NONNULL = YES;
				CLANG_CXX_LANGUAGE_STANDARD = "gnu++0x";
				CLANG_CXX_LIBRARY = "libc++";
				CLANG_ENABLE_MODULES = YES;
				CLANG_ENABLE_OBJC_ARC = YES;
				CLANG_WARN_BOOL_CONVERSION = YES;
				CLANG_WARN_CONSTANT_CONVERSION = YES;
				CLANG_WARN_DIRECT_OBJC_ISA_USAGE = YES_ERROR;
				CLANG_WARN_DOCUMENTATION_COMMENTS = YES;
				CLANG_WARN_EMPTY_BODY = YES;
				CLANG_WARN_ENUM_CONVERSION = YES;
				CLANG_WARN_INFINITE_RECURSION = YES;
				CLANG_WARN_INT_CONVERSION = YES;
				CLANG_WARN_OBJC_ROOT_CLASS = YES_ERROR;
				CLANG_WARN_SUSPICIOUS_MOVES = YES;
				CLANG_WARN_UNREACHABLE_CODE = YES;
				CLANG_WARN__DUPLICATE_METHOD_MATCH = YES;
				"CODE_SIGN_IDENTITY[sdk=iphoneos*]" = "iPhone Developer";
				COPY_PHASE_STRIP = NO;
				DEBUG_INFORMATION_FORMAT = dwarf;
				ENABLE_STRICT_OBJC_MSGSEND = YES;
				ENABLE_TESTABILITY = YES;
				GCC_C_LANGUAGE_STANDARD = gnu99;
				GCC_DYNAMIC_NO_PIC = NO;
				GCC_NO_COMMON_BLOCKS = YES;
				GCC_OPTIMIZATION_LEVEL = 0;
				GCC_PREPROCESSOR_DEFINITIONS = (
					"DEBUG=1",
					"$(inherited)",
				);
				GCC_WARN_64_TO_32_BIT_CONVERSION = YES;
				GCC_WARN_ABOUT_RETURN_TYPE = YES_ERROR;
				GCC_WARN_UNDECLARED_SELECTOR = YES;
				GCC_WARN_UNINITIALIZED_AUTOS = YES_AGGRESSIVE;
				GCC_WARN_UNUSED_FUNCTION = YES;
				GCC_WARN_UNUSED_VARIABLE = YES;
				IPHONEOS_DEPLOYMENT_TARGET = 10.1;
				MTL_ENABLE_DEBUG_INFO = YES;
				ONLY_ACTIVE_ARCH = YES;
				SDKROOT = iphoneos;
				SWIFT_ACTIVE_COMPILATION_CONDITIONS = DEBUG;
				SWIFT_OPTIMIZATION_LEVEL = "-Onone";
				TARGETED_DEVICE_FAMILY = "1,2";
			};
			name = Debug;
		};
		F10BE2491E1A8B06004E5846 /* Release */ = {
			isa = XCBuildConfiguration;
			buildSettings = {
				ALWAYS_SEARCH_USER_PATHS = NO;
				CLANG_ANALYZER_NONNULL = YES;
				CLANG_CXX_LANGUAGE_STANDARD = "gnu++0x";
				CLANG_CXX_LIBRARY = "libc++";
				CLANG_ENABLE_MODULES = YES;
				CLANG_ENABLE_OBJC_ARC = YES;
				CLANG_WARN_BOOL_CONVERSION = YES;
				CLANG_WARN_CONSTANT_CONVERSION = YES;
				CLANG_WARN_DIRECT_OBJC_ISA_USAGE = YES_ERROR;
				CLANG_WARN_DOCUMENTATION_COMMENTS = YES;
				CLANG_WARN_EMPTY_BODY = YES;
				CLANG_WARN_ENUM_CONVERSION = YES;
				CLANG_WARN_INFINITE_RECURSION = YES;
				CLANG_WARN_INT_CONVERSION = YES;
				CLANG_WARN_OBJC_ROOT_CLASS = YES_ERROR;
				CLANG_WARN_SUSPICIOUS_MOVES = YES;
				CLANG_WARN_UNREACHABLE_CODE = YES;
				CLANG_WARN__DUPLICATE_METHOD_MATCH = YES;
				"CODE_SIGN_IDENTITY[sdk=iphoneos*]" = "iPhone Developer";
				COPY_PHASE_STRIP = NO;
				DEBUG_INFORMATION_FORMAT = "dwarf-with-dsym";
				ENABLE_NS_ASSERTIONS = NO;
				ENABLE_STRICT_OBJC_MSGSEND = YES;
				GCC_C_LANGUAGE_STANDARD = gnu99;
				GCC_NO_COMMON_BLOCKS = YES;
				GCC_WARN_64_TO_32_BIT_CONVERSION = YES;
				GCC_WARN_ABOUT_RETURN_TYPE = YES_ERROR;
				GCC_WARN_UNDECLARED_SELECTOR = YES;
				GCC_WARN_UNINITIALIZED_AUTOS = YES_AGGRESSIVE;
				GCC_WARN_UNUSED_FUNCTION = YES;
				GCC_WARN_UNUSED_VARIABLE = YES;
				IPHONEOS_DEPLOYMENT_TARGET = 10.1;
				MTL_ENABLE_DEBUG_INFO = NO;
				SDKROOT = iphoneos;
				SWIFT_OPTIMIZATION_LEVEL = "-Owholemodule";
				TARGETED_DEVICE_FAMILY = "1,2";
				VALIDATE_PRODUCT = YES;
			};
			name = Release;
		};
		F10BE24B1E1A8B06004E5846 /* Debug */ = {
			isa = XCBuildConfiguration;
			buildSettings = {
				ASSETCATALOG_COMPILER_APPICON_NAME = AppIcon;
				INFOPLIST_FILE = TestTableView/Info.plist;
				LD_RUNPATH_SEARCH_PATHS = "$(inherited) @executable_path/Frameworks";
				PRODUCT_BUNDLE_IDENTIFIER = vn.techkids.TestTableView;
				PRODUCT_NAME = "$(TARGET_NAME)";
				SWIFT_VERSION = 3.0;
			};
			name = Debug;
		};
		F10BE24C1E1A8B06004E5846 /* Release */ = {
			isa = XCBuildConfiguration;
			buildSettings = {
				ASSETCATALOG_COMPILER_APPICON_NAME = AppIcon;
				INFOPLIST_FILE = TestTableView/Info.plist;
				LD_RUNPATH_SEARCH_PATHS = "$(inherited) @executable_path/Frameworks";
				PRODUCT_BUNDLE_IDENTIFIER = vn.techkids.TestTableView;
				PRODUCT_NAME = "$(TARGET_NAME)";
				SWIFT_VERSION = 3.0;
			};
			name = Release;
		};
/* End XCBuildConfiguration section */

/* Begin XCConfigurationList section */
		F10BE2331E1A8B06004E5846 /* Build configuration list for PBXProject "TestTableView" */ = {
			isa = XCConfigurationList;
			buildConfigurations = (
				F10BE2481E1A8B06004E5846 /* Debug */,
				F10BE2491E1A8B06004E5846 /* Release */,
			);
			defaultConfigurationIsVisible = 0;
			defaultConfigurationName = Release;
		};
		F10BE24A1E1A8B06004E5846 /* Build configuration list for PBXNativeTarget "TestTableView" */ = {
			isa = XCConfigurationList;
			buildConfigurations = (
				F10BE24B1E1A8B06004E5846 /* Debug */,
				F10BE24C1E1A8B06004E5846 /* Release */,
			);
			defaultConfigurationIsVisible = 0;
			defaultConfigurationName = Release;
		};
/* End XCConfigurationList section */
	};
	rootObject = F10BE2301E1A8B06004E5846 /* Project object */;
}
